
Microsoft Visual Studio Solution File, Format Version 12.00
# Visual Studio Version 17
VisualStudioVersion = 17.4.33103.184
MinimumVisualStudioVersion = 10.0.40219.1
Project("{FAE04EC0-301F-11D3-BF4B-00C04F79EFBC}") = "ConvenienceStore", "ConvenienceStore.csproj", "{95FFFD05-8519-487D-A37F-B79FAE5E79FE}"
EndProject
Global
	GlobalSection(SolutionConfigurationPlatforms) = preSolution
		Debug|Any CPU = Debug|Any CPU
		Release|Any CPU = Release|Any CPU
	EndGlobalSection
	GlobalSection(ProjectConfigurationPlatforms) = postSolution
		{95FFFD05-8519-487D-A37F-B79FAE5E79FE}.Debug|Any CPU.ActiveCfg = Debug|Any CPU
		{95FFFD05-8519-487D-A37F-B79FAE5E79FE}.Debug|Any CPU.Build.0 = Debug|Any CPU
		{95FFFD05-8519-487D-A37F-B79FAE5E79FE}.Release|Any CPU.ActiveCfg = Release|Any CPU
		{95FFFD05-8519-487D-A37F-B79FAE5E79FE}.Release|Any CPU.Build.0 = Release|Any CPU
	EndGlobalSection
	GlobalSection(SolutionProperties) = preSolution
		HideSolutionNode = FALSE
	EndGlobalSection
	GlobalSection(ExtensibilityGlobals) = postSolution
		SolutionGuid = {96F033F2-0256-4540-B8F6-8F0685A7DAC4}
	EndGlobalSection
EndGlobal
